
Microsoft Visual Studio Solution File, Format Version 10.00
# Visual Studio 2008
Project("{8BC9CEB8-8B4A-11D0-8D11-00A0C91BC942}") = "touchweb", "touchweb.vcproj", "{4D1350A0-F840-4C54-861F-6598EAE38913}"
	ProjectSection(ProjectDependencies) = postProject
		{DD3F33EF-ED76-4441-91E5-ED61162AF9B6} = {DD3F33EF-ED76-4441-91E5-ED61162AF9B6}
	EndProjectSection
EndProject
Project("{8BC9CEB8-8B4A-11D0-8D11-00A0C91BC942}") = "VGCL", "VGCL.vcproj", "{DD3F33EF-ED76-4441-91E5-ED61162AF9B6}"
EndProject
Global
	GlobalSection(SolutionConfigurationPlatforms) = preSolution
		Debug|Win32 = Debug|Win32
		Debug|Windows Mobile 6 Standard SDK (ARMV4I) = Debug|Windows Mobile 6 Standard SDK (ARMV4I)
		Release|Win32 = Release|Win32
		Release|Windows Mobile 6 Standard SDK (ARMV4I) = Release|Windows Mobile 6 Standard SDK (ARMV4I)
	EndGlobalSection
	GlobalSection(ProjectConfigurationPlatforms) = postSolution
		{4D1350A0-F840-4C54-861F-6598EAE38913}.Debug|Win32.ActiveCfg = Debug|Win32
		{4D1350A0-F840-4C54-861F-6598EAE38913}.Debug|Windows Mobile 6 Standard SDK (ARMV4I).ActiveCfg = Debug|Windows Mobile 6 Standard SDK (ARMV4I)
		{4D1350A0-F840-4C54-861F-6598EAE38913}.Debug|Windows Mobile 6 Standard SDK (ARMV4I).Deploy.0 = Debug|Windows Mobile 6 Standard SDK (ARMV4I)
		{4D1350A0-F840-4C54-861F-6598EAE38913}.Release|Win32.ActiveCfg = Release|Win32
		{4D1350A0-F840-4C54-861F-6598EAE38913}.Release|Win32.Build.0 = Release|Win32
		{4D1350A0-F840-4C54-861F-6598EAE38913}.Release|Windows Mobile 6 Standard SDK (ARMV4I).ActiveCfg = Release|Windows Mobile 6 Standard SDK (ARMV4I)
		{4D1350A0-F840-4C54-861F-6598EAE38913}.Release|Windows Mobile 6 Standard SDK (ARMV4I).Deploy.0 = Release|Windows Mobile 6 Standard SDK (ARMV4I)
		{DD3F33EF-ED76-4441-91E5-ED61162AF9B6}.Debug|Win32.ActiveCfg = Debug|Win32
		{DD3F33EF-ED76-4441-91E5-ED61162AF9B6}.Debug|Windows Mobile 6 Standard SDK (ARMV4I).ActiveCfg = Debug|Windows Mobile 6 Standard SDK (ARMV4I)
		{DD3F33EF-ED76-4441-91E5-ED61162AF9B6}.Debug|Windows Mobile 6 Standard SDK (ARMV4I).Deploy.0 = Debug|Windows Mobile 6 Standard SDK (ARMV4I)
		{DD3F33EF-ED76-4441-91E5-ED61162AF9B6}.Release|Win32.ActiveCfg = Release|Win32
		{DD3F33EF-ED76-4441-91E5-ED61162AF9B6}.Release|Win32.Build.0 = Release|Win32
		{DD3F33EF-ED76-4441-91E5-ED61162AF9B6}.Release|Windows Mobile 6 Standard SDK (ARMV4I).ActiveCfg = Release|Windows Mobile 6 Standard SDK (ARMV4I)
		{DD3F33EF-ED76-4441-91E5-ED61162AF9B6}.Release|Windows Mobile 6 Standard SDK (ARMV4I).Deploy.0 = Release|Windows Mobile 6 Standard SDK (ARMV4I)
	EndGlobalSection
	GlobalSection(SolutionProperties) = preSolution
		HideSolutionNode = FALSE
	EndGlobalSection
EndGlobal
